
Microsoft Visual Studio Solution File, Format Version 12.00
# Visual Studio Version 17
VisualStudioVersion = 17.11.35327.3
MinimumVisualStudioVersion = 10.0.40219.1
Project("{FAE04EC0-301F-11D3-BF4B-00C04F79EFBC}") = "RickAndMortyAPIBackend", "RickAndMortyAPIBackend.csproj", "{50FF7664-2A53-4A61-87C2-EC13E62148C2}"
EndProject
Global
	GlobalSection(SolutionConfigurationPlatforms) = preSolution
		Debug|Any CPU = Debug|Any CPU
		Release|Any CPU = Release|Any CPU
	EndGlobalSection
	GlobalSection(ProjectConfigurationPlatforms) = postSolution
		{50FF7664-2A53-4A61-87C2-EC13E62148C2}.Debug|Any CPU.ActiveCfg = Debug|Any CPU
		{50FF7664-2A53-4A61-87C2-EC13E62148C2}.Debug|Any CPU.Build.0 = Debug|Any CPU
		{50FF7664-2A53-4A61-87C2-EC13E62148C2}.Release|Any CPU.ActiveCfg = Release|Any CPU
		{50FF7664-2A53-4A61-87C2-EC13E62148C2}.Release|Any CPU.Build.0 = Release|Any CPU
	EndGlobalSection
	GlobalSection(SolutionProperties) = preSolution
		HideSolutionNode = FALSE
	EndGlobalSection
	GlobalSection(ExtensibilityGlobals) = postSolution
		SolutionGuid = {78ED71E8-90A7-4FF5-A5BC-56B944A593F7}
	EndGlobalSection
EndGlobal
